// !$*UTF8*$!
{
	archiveVersion = 1;
	classes = {
	};
	objectVersion = 50;
	objects = {

/* Begin PBXBuildFile section */
		B5350F9F23939E590070BB12 /* identification.cpp in Sources */ = {isa = PBXBuildFile; fileRef = B5350F9D23939E590070BB12 /* identification.cpp */; };
		B5350FA72393A1490070BB12 /* userstruct.cpp in Sources */ = {isa = PBXBuildFile; fileRef = B5350FA52393A1490070BB12 /* userstruct.cpp */; };
		B5350FAA239434C50070BB12 /* interfaceuser.cpp in Sources */ = {isa = PBXBuildFile; fileRef = B5350FA8239434C50070BB12 /* interfaceuser.cpp */; };
		B5350FAD239436130070BB12 /* authentication.cpp in Sources */ = {isa = PBXBuildFile; fileRef = B5350FAB239436130070BB12 /* authentication.cpp */; };
		B5350FB12394424A0070BB12 /* splashscreen.cpp in Sources */ = {isa = PBXBuildFile; fileRef = B5350FAF2394424A0070BB12 /* splashscreen.cpp */; };
		B5350FB4239443330070BB12 /* introduction.cpp in Sources */ = {isa = PBXBuildFile; fileRef = B5350FB2239443330070BB12 /* introduction.cpp */; };
		B5350FB8239449750070BB12 /* position.cpp in Sources */ = {isa = PBXBuildFile; fileRef = B5350FB6239449750070BB12 /* position.cpp */; };
		B5350FBB23944A0C0070BB12 /* matrices_pg.cpp in Sources */ = {isa = PBXBuildFile; fileRef = B5350FB923944A0C0070BB12 /* matrices_pg.cpp */; };
		B5350FBE23944A290070BB12 /* edit_pg.cpp in Sources */ = {isa = PBXBuildFile; fileRef = B5350FBC23944A290070BB12 /* edit_pg.cpp */; };
		B5350FC123944A460070BB12 /* operations_pg.cpp in Sources */ = {isa = PBXBuildFile; fileRef = B5350FBF23944A460070BB12 /* operations_pg.cpp */; };
		B5350FC6239454C10070BB12 /* UI_struct.cpp in Sources */ = {isa = PBXBuildFile; fileRef = B5350FC4239454C10070BB12 /* UI_struct.cpp */; };
		B5350FD12394A27C0070BB12 /* matrices_select.cpp in Sources */ = {isa = PBXBuildFile; fileRef = B5350FCF2394A27C0070BB12 /* matrices_select.cpp */; };
		B5350FDD2394AB840070BB12 /* matrixclass.cpp in Sources */ = {isa = PBXBuildFile; fileRef = B5350FDB2394AB840070BB12 /* matrixclass.cpp */; };
		B5350FEF239A1A0A0070BB12 /* printrecipet.cpp in Sources */ = {isa = PBXBuildFile; fileRef = B5350FED239A1A0A0070BB12 /* printrecipet.cpp */; };
		B547626D23822F7C003C8D61 /* main.cpp in Sources */ = {isa = PBXBuildFile; fileRef = B547626C23822F7C003C8D61 /* main.cpp */; };
/* End PBXBuildFile section */

/* Begin PBXCopyFilesBuildPhase section */
		B547626723822F7C003C8D61 /* CopyFiles */ = {
			isa = PBXCopyFilesBuildPhase;
			buildActionMask = 2147483647;
			dstPath = /usr/share/man/man1/;
			dstSubfolderSpec = 0;
			files = (
			);
			runOnlyForDeploymentPostprocessing = 1;
		};
/* End PBXCopyFilesBuildPhase section */

/* Begin PBXFileReference section */
		B5350F9D23939E590070BB12 /* identification.cpp */ = {isa = PBXFileReference; lastKnownFileType = sourcecode.cpp.cpp; name = identification.cpp; path = "matrixmania.cpp/Log-in/identification.cpp"; sourceTree = SOURCE_ROOT; };
		B5350F9E23939E590070BB12 /* identification.hpp */ = {isa = PBXFileReference; lastKnownFileType = sourcecode.cpp.h; name = identification.hpp; path = "matrixmania.cpp/Log-in/identification.hpp"; sourceTree = SOURCE_ROOT; };
		B5350FA52393A1490070BB12 /* userstruct.cpp */ = {isa = PBXFileReference; lastKnownFileType = sourcecode.cpp.cpp; path = userstruct.cpp; sourceTree = SOURCE_ROOT; };
		B5350FA62393A1490070BB12 /* userstruct.hpp */ = {isa = PBXFileReference; lastKnownFileType = sourcecode.cpp.h; path = userstruct.hpp; sourceTree = SOURCE_ROOT; };
		B5350FA8239434C50070BB12 /* interfaceuser.cpp */ = {isa = PBXFileReference; lastKnownFileType = sourcecode.cpp.cpp; path = interfaceuser.cpp; sourceTree = "<group>"; };
		B5350FA9239434C50070BB12 /* interfaceuser.hpp */ = {isa = PBXFileReference; lastKnownFileType = sourcecode.cpp.h; path = interfaceuser.hpp; sourceTree = "<group>"; };
		B5350FAB239436130070BB12 /* authentication.cpp */ = {isa = PBXFileReference; lastKnownFileType = sourcecode.cpp.cpp; path = authentication.cpp; sourceTree = "<group>"; };
		B5350FAC239436130070BB12 /* authentication.hpp */ = {isa = PBXFileReference; lastKnownFileType = sourcecode.cpp.h; path = authentication.hpp; sourceTree = "<group>"; };
		B5350FAF2394424A0070BB12 /* splashscreen.cpp */ = {isa = PBXFileReference; lastKnownFileType = sourcecode.cpp.cpp; path = splashscreen.cpp; sourceTree = SOURCE_ROOT; };
		B5350FB02394424A0070BB12 /* splashscreen.hpp */ = {isa = PBXFileReference; lastKnownFileType = sourcecode.cpp.h; path = splashscreen.hpp; sourceTree = SOURCE_ROOT; };
		B5350FB2239443330070BB12 /* introduction.cpp */ = {isa = PBXFileReference; lastKnownFileType = sourcecode.cpp.cpp; path = introduction.cpp; sourceTree = "<group>"; };
		B5350FB3239443330070BB12 /* introduction.hpp */ = {isa = PBXFileReference; lastKnownFileType = sourcecode.cpp.h; path = introduction.hpp; sourceTree = "<group>"; };
		B5350FB6239449750070BB12 /* position.cpp */ = {isa = PBXFileReference; lastKnownFileType = sourcecode.cpp.cpp; path = position.cpp; sourceTree = SOURCE_ROOT; };
		B5350FB7239449750070BB12 /* position.hpp */ = {isa = PBXFileReference; lastKnownFileType = sourcecode.cpp.h; path = position.hpp; sourceTree = SOURCE_ROOT; };
		B5350FB923944A0C0070BB12 /* matrices_pg.cpp */ = {isa = PBXFileReference; lastKnownFileType = sourcecode.cpp.cpp; path = matrices_pg.cpp; sourceTree = "<group>"; };
		B5350FBA23944A0C0070BB12 /* matrices_pg.hpp */ = {isa = PBXFileReference; lastKnownFileType = sourcecode.cpp.h; path = matrices_pg.hpp; sourceTree = "<group>"; };
		B5350FBC23944A290070BB12 /* edit_pg.cpp */ = {isa = PBXFileReference; lastKnownFileType = sourcecode.cpp.cpp; path = edit_pg.cpp; sourceTree = "<group>"; };
		B5350FBD23944A290070BB12 /* edit_pg.hpp */ = {isa = PBXFileReference; lastKnownFileType = sourcecode.cpp.h; path = edit_pg.hpp; sourceTree = "<group>"; };
		B5350FBF23944A460070BB12 /* operations_pg.cpp */ = {isa = PBXFileReference; lastKnownFileType = sourcecode.cpp.cpp; path = operations_pg.cpp; sourceTree = "<group>"; };
		B5350FC023944A460070BB12 /* operations_pg.hpp */ = {isa = PBXFileReference; lastKnownFileType = sourcecode.cpp.h; path = operations_pg.hpp; sourceTree = "<group>"; };
		B5350FC4239454C10070BB12 /* UI_struct.cpp */ = {isa = PBXFileReference; lastKnownFileType = sourcecode.cpp.cpp; path = UI_struct.cpp; sourceTree = "<group>"; };
		B5350FC5239454C10070BB12 /* UI_struct.hpp */ = {isa = PBXFileReference; lastKnownFileType = sourcecode.cpp.h; path = UI_struct.hpp; sourceTree = "<group>"; };
		B5350FCF2394A27C0070BB12 /* matrices_select.cpp */ = {isa = PBXFileReference; lastKnownFileType = sourcecode.cpp.cpp; path = matrices_select.cpp; sourceTree = "<group>"; };
		B5350FD02394A27C0070BB12 /* matrices_select.hpp */ = {isa = PBXFileReference; lastKnownFileType = sourcecode.cpp.h; path = matrices_select.hpp; sourceTree = "<group>"; };
		B5350FDB2394AB840070BB12 /* matrixclass.cpp */ = {isa = PBXFileReference; lastKnownFileType = sourcecode.cpp.cpp; path = matrixclass.cpp; sourceTree = "<group>"; };
		B5350FDC2394AB840070BB12 /* matrixclass.hpp */ = {isa = PBXFileReference; lastKnownFileType = sourcecode.cpp.h; path = matrixclass.hpp; sourceTree = "<group>"; };
		B5350FED239A1A0A0070BB12 /* printrecipet.cpp */ = {isa = PBXFileReference; lastKnownFileType = sourcecode.cpp.cpp; path = printrecipet.cpp; sourceTree = "<group>"; };
		B5350FEE239A1A0A0070BB12 /* printrecipet.hpp */ = {isa = PBXFileReference; lastKnownFileType = sourcecode.cpp.h; path = printrecipet.hpp; sourceTree = "<group>"; };
		B547626923822F7C003C8D61 /* matrixmania.cpp */ = {isa = PBXFileReference; explicitFileType = "compiled.mach-o.executable"; includeInIndex = 0; path = matrixmania.cpp; sourceTree = BUILT_PRODUCTS_DIR; };
		B547626C23822F7C003C8D61 /* main.cpp */ = {isa = PBXFileReference; lastKnownFileType = sourcecode.cpp.cpp; path = main.cpp; sourceTree = "<group>"; };
/* End PBXFileReference section */

/* Begin PBXFrameworksBuildPhase section */
		B547626623822F7C003C8D61 /* Frameworks */ = {
			isa = PBXFrameworksBuildPhase;
			buildActionMask = 2147483647;
			files = (
			);
			runOnlyForDeploymentPostprocessing = 0;
		};
/* End PBXFrameworksBuildPhase section */

/* Begin PBXGroup section */
		B5350FA023939F230070BB12 /* Log-in */ = {
			isa = PBXGroup;
			children = (
				B5350F9D23939E590070BB12 /* identification.cpp */,
				B5350F9E23939E590070BB12 /* identification.hpp */,
				B5350FA52393A1490070BB12 /* userstruct.cpp */,
				B5350FA62393A1490070BB12 /* userstruct.hpp */,
				B5350FA12393A0AA0070BB12 /* parts */,
			);
			path = "Log-in";
			sourceTree = "<group>";
		};
		B5350FA12393A0AA0070BB12 /* parts */ = {
			isa = PBXGroup;
			children = (
				B5350FA8239434C50070BB12 /* interfaceuser.cpp */,
				B5350FA9239434C50070BB12 /* interfaceuser.hpp */,
				B5350FAB239436130070BB12 /* authentication.cpp */,
				B5350FAC239436130070BB12 /* authentication.hpp */,
			);
			path = parts;
			sourceTree = "<group>";
		};
		B5350FAE239442290070BB12 /* introduction */ = {
			isa = PBXGroup;
			children = (
				B5350FAF2394424A0070BB12 /* splashscreen.cpp */,
				B5350FB02394424A0070BB12 /* splashscreen.hpp */,
				B5350FB2239443330070BB12 /* introduction.cpp */,
				B5350FB3239443330070BB12 /* introduction.hpp */,
			);
			path = introduction;
			sourceTree = "<group>";
		};
		B5350FB5239443BF0070BB12 /* MainUserInterface */ = {
			isa = PBXGroup;
			children = (
				B5350FB6239449750070BB12 /* position.cpp */,
				B5350FB7239449750070BB12 /* position.hpp */,
				B5350FED239A1A0A0070BB12 /* printrecipet.cpp */,
				B5350FEE239A1A0A0070BB12 /* printrecipet.hpp */,
				B5350FC4239454C10070BB12 /* UI_struct.cpp */,
				B5350FC5239454C10070BB12 /* UI_struct.hpp */,
				B5350FC22394521A0070BB12 /* screens */,
				B5350FC7239486C90070BB12 /* matrix interface */,
			);
			path = MainUserInterface;
			sourceTree = "<group>";
		};
		B5350FC22394521A0070BB12 /* screens */ = {
			isa = PBXGroup;
			children = (
				B5350FB923944A0C0070BB12 /* matrices_pg.cpp */,
				B5350FBA23944A0C0070BB12 /* matrices_pg.hpp */,
				B5350FBC23944A290070BB12 /* edit_pg.cpp */,
				B5350FBD23944A290070BB12 /* edit_pg.hpp */,
				B5350FBF23944A460070BB12 /* operations_pg.cpp */,
				B5350FC023944A460070BB12 /* operations_pg.hpp */,
			);
			path = screens;
			sourceTree = "<group>";
		};
		B5350FC7239486C90070BB12 /* matrix interface */ = {
			isa = PBXGroup;
			children = (
				B5350FCF2394A27C0070BB12 /* matrices_select.cpp */,
				B5350FD02394A27C0070BB12 /* matrices_select.hpp */,
			);
			path = "matrix interface";
			sourceTree = "<group>";
		};
		B5350FC8239487270070BB12 /* Matrix operations */ = {
			isa = PBXGroup;
			children = (
				B5350FDB2394AB840070BB12 /* matrixclass.cpp */,
				B5350FDC2394AB840070BB12 /* matrixclass.hpp */,
			);
			path = "Matrix operations";
			sourceTree = "<group>";
		};
		B547626023822F7C003C8D61 = {
			isa = PBXGroup;
			children = (
				B547626B23822F7C003C8D61 /* matrixmania.cpp */,
				B547626A23822F7C003C8D61 /* Products */,
			);
			sourceTree = "<group>";
		};
		B547626A23822F7C003C8D61 /* Products */ = {
			isa = PBXGroup;
			children = (
				B547626923822F7C003C8D61 /* matrixmania.cpp */,
			);
			name = Products;
			sourceTree = "<group>";
		};
		B547626B23822F7C003C8D61 /* matrixmania.cpp */ = {
			isa = PBXGroup;
			children = (
				B547626C23822F7C003C8D61 /* main.cpp */,
				B5350FC8239487270070BB12 /* Matrix operations */,
				B5350FB5239443BF0070BB12 /* MainUserInterface */,
				B5350FAE239442290070BB12 /* introduction */,
				B5350FA023939F230070BB12 /* Log-in */,
			);
			path = matrixmania.cpp;
			sourceTree = "<group>";
		};
/* End PBXGroup section */

/* Begin PBXNativeTarget section */
		B547626823822F7C003C8D61 /* matrixmania.cpp */ = {
			isa = PBXNativeTarget;
			buildConfigurationList = B547627023822F7C003C8D61 /* Build configuration list for PBXNativeTarget "matrixmania.cpp" */;
			buildPhases = (
				B547626523822F7C003C8D61 /* Sources */,
				B547626623822F7C003C8D61 /* Frameworks */,
				B547626723822F7C003C8D61 /* CopyFiles */,
			);
			buildRules = (
			);
			dependencies = (
			);
			name = matrixmania.cpp;
			productName = matrixmania.cpp;
			productReference = B547626923822F7C003C8D61 /* matrixmania.cpp */;
			productType = "com.apple.product-type.tool";
		};
/* End PBXNativeTarget section */

/* Begin PBXProject section */
		B547626123822F7C003C8D61 /* Project object */ = {
			isa = PBXProject;
			attributes = {
				LastUpgradeCheck = 1110;
				ORGANIZATIONNAME = "Nathan wodzisz";
				TargetAttributes = {
					B547626823822F7C003C8D61 = {
						CreatedOnToolsVersion = 11.1;
					};
				};
			};
			buildConfigurationList = B547626423822F7C003C8D61 /* Build configuration list for PBXProject "matrixmania.cpp" */;
			compatibilityVersion = "Xcode 9.3";
			developmentRegion = en;
			hasScannedForEncodings = 0;
			knownRegions = (
				en,
				Base,
			);
			mainGroup = B547626023822F7C003C8D61;
			productRefGroup = B547626A23822F7C003C8D61 /* Products */;
			projectDirPath = "";
			projectRoot = "";
			targets = (
				B547626823822F7C003C8D61 /* matrixmania.cpp */,
			);
		};
/* End PBXProject section */

/* Begin PBXSourcesBuildPhase section */
		B547626523822F7C003C8D61 /* Sources */ = {
			isa = PBXSourcesBuildPhase;
			buildActionMask = 2147483647;
			files = (
				B5350FC6239454C10070BB12 /* UI_struct.cpp in Sources */,
				B5350FD12394A27C0070BB12 /* matrices_select.cpp in Sources */,
				B5350FBE23944A290070BB12 /* edit_pg.cpp in Sources */,
				B5350FB12394424A0070BB12 /* splashscreen.cpp in Sources */,
				B547626D23822F7C003C8D61 /* main.cpp in Sources */,
				B5350FBB23944A0C0070BB12 /* matrices_pg.cpp in Sources */,
				B5350FEF239A1A0A0070BB12 /* printrecipet.cpp in Sources */,
				B5350FB8239449750070BB12 /* position.cpp in Sources */,
				B5350FAA239434C50070BB12 /* interfaceuser.cpp in Sources */,
				B5350FAD239436130070BB12 /* authentication.cpp in Sources */,
				B5350FDD2394AB840070BB12 /* matrixclass.cpp in Sources */,
				B5350FB4239443330070BB12 /* introduction.cpp in Sources */,
				B5350F9F23939E590070BB12 /* identification.cpp in Sources */,
				B5350FC123944A460070BB12 /* operations_pg.cpp in Sources */,
				B5350FA72393A1490070BB12 /* userstruct.cpp in Sources */,
			);
			runOnlyForDeploymentPostprocessing = 0;
		};
/* End PBXSourcesBuildPhase section */

/* Begin XCBuildConfiguration section */
		B547626E23822F7C003C8D61 /* Debug */ = {
			isa = XCBuildConfiguration;
			buildSettings = {
				ALWAYS_SEARCH_USER_PATHS = NO;
				CLANG_ANALYZER_NONNULL = YES;
				CLANG_ANALYZER_NUMBER_OBJECT_CONVERSION = YES_AGGRESSIVE;
				CLANG_CXX_LANGUAGE_STANDARD = "gnu++14";
				CLANG_CXX_LIBRARY = "libc++";
				CLANG_ENABLE_MODULES = YES;
				CLANG_ENABLE_OBJC_ARC = YES;
				CLANG_ENABLE_OBJC_WEAK = YES;
				CLANG_WARN_BLOCK_CAPTURE_AUTORELEASING = YES;
				CLANG_WARN_BOOL_CONVERSION = YES;
				CLANG_WARN_COMMA = YES;
				CLANG_WARN_CONSTANT_CONVERSION = YES;
				CLANG_WARN_DEPRECATED_OBJC_IMPLEMENTATIONS = YES;
				CLANG_WARN_DIRECT_OBJC_ISA_USAGE = YES_ERROR;
				CLANG_WARN_DOCUMENTATION_COMMENTS = YES;
				CLANG_WARN_EMPTY_BODY = YES;
				CLANG_WARN_ENUM_CONVERSION = YES;
				CLANG_WARN_INFINITE_RECURSION = YES;
				CLANG_WARN_INT_CONVERSION = YES;
				CLANG_WARN_NON_LITERAL_NULL_CONVERSION = YES;
				CLANG_WARN_OBJC_IMPLICIT_RETAIN_SELF = YES;
				CLANG_WARN_OBJC_LITERAL_CONVERSION = YES;
				CLANG_WARN_OBJC_ROOT_CLASS = YES_ERROR;
				CLANG_WARN_RANGE_LOOP_ANALYSIS = YES;
				CLANG_WARN_STRICT_PROTOTYPES = YES;
				CLANG_WARN_SUSPICIOUS_MOVE = YES;
				CLANG_WARN_UNGUARDED_AVAILABILITY = YES_AGGRESSIVE;
				CLANG_WARN_UNREACHABLE_CODE = YES;
				CLANG_WARN__DUPLICATE_METHOD_MATCH = YES;
				COPY_PHASE_STRIP = NO;
				DEBUG_INFORMATION_FORMAT = dwarf;
				ENABLE_STRICT_OBJC_MSGSEND = YES;
				ENABLE_TESTABILITY = YES;
				GCC_C_LANGUAGE_STANDARD = gnu11;
				GCC_DYNAMIC_NO_PIC = NO;
				GCC_NO_COMMON_BLOCKS = YES;
				GCC_OPTIMIZATION_LEVEL = 0;
				GCC_PREPROCESSOR_DEFINITIONS = (
					"DEBUG=1",
					"$(inherited)",
				);
				GCC_WARN_64_TO_32_BIT_CONVERSION = YES;
				GCC_WARN_ABOUT_RETURN_TYPE = YES_ERROR;
				GCC_WARN_UNDECLARED_SELECTOR = YES;
				GCC_WARN_UNINITIALIZED_AUTOS = YES_AGGRESSIVE;
				GCC_WARN_UNUSED_FUNCTION = YES;
				GCC_WARN_UNUSED_VARIABLE = YES;
				MACOSX_DEPLOYMENT_TARGET = 10.15;
				MTL_ENABLE_DEBUG_INFO = INCLUDE_SOURCE;
				MTL_FAST_MATH = YES;
				ONLY_ACTIVE_ARCH = YES;
				SDKROOT = macosx;
			};
			name = Debug;
		};
		B547626F23822F7C003C8D61 /* Release */ = {
			isa = XCBuildConfiguration;
			buildSettings = {
				ALWAYS_SEARCH_USER_PATHS = NO;
				CLANG_ANALYZER_NONNULL = YES;
				CLANG_ANALYZER_NUMBER_OBJECT_CONVERSION = YES_AGGRESSIVE;
				CLANG_CXX_LANGUAGE_STANDARD = "gnu++14";
				CLANG_CXX_LIBRARY = "libc++";
				CLANG_ENABLE_MODULES = YES;
				CLANG_ENABLE_OBJC_ARC = YES;
				CLANG_ENABLE_OBJC_WEAK = YES;
				CLANG_WARN_BLOCK_CAPTURE_AUTORELEASING = YES;
				CLANG_WARN_BOOL_CONVERSION = YES;
				CLANG_WARN_COMMA = YES;
				CLANG_WARN_CONSTANT_CONVERSION = YES;
				CLANG_WARN_DEPRECATED_OBJC_IMPLEMENTATIONS = YES;
				CLANG_WARN_DIRECT_OBJC_ISA_USAGE = YES_ERROR;
				CLANG_WARN_DOCUMENTATION_COMMENTS = YES;
				CLANG_WARN_EMPTY_BODY = YES;
				CLANG_WARN_ENUM_CONVERSION = YES;
				CLANG_WARN_INFINITE_RECURSION = YES;
				CLANG_WARN_INT_CONVERSION = YES;
				CLANG_WARN_NON_LITERAL_NULL_CONVERSION = YES;
				CLANG_WARN_OBJC_IMPLICIT_RETAIN_SELF = YES;
				CLANG_WARN_OBJC_LITERAL_CONVERSION = YES;
				CLANG_WARN_OBJC_ROOT_CLASS = YES_ERROR;
				CLANG_WARN_RANGE_LOOP_ANALYSIS = YES;
				CLANG_WARN_STRICT_PROTOTYPES = YES;
				CLANG_WARN_SUSPICIOUS_MOVE = YES;
				CLANG_WARN_UNGUARDED_AVAILABILITY = YES_AGGRESSIVE;
				CLANG_WARN_UNREACHABLE_CODE = YES;
				CLANG_WARN__DUPLICATE_METHOD_MATCH = YES;
				COPY_PHASE_STRIP = NO;
				DEBUG_INFORMATION_FORMAT = "dwarf-with-dsym";
				ENABLE_NS_ASSERTIONS = NO;
				ENABLE_STRICT_OBJC_MSGSEND = YES;
				GCC_C_LANGUAGE_STANDARD = gnu11;
				GCC_NO_COMMON_BLOCKS = YES;
				GCC_WARN_64_TO_32_BIT_CONVERSION = YES;
				GCC_WARN_ABOUT_RETURN_TYPE = YES_ERROR;
				GCC_WARN_UNDECLARED_SELECTOR = YES;
				GCC_WARN_UNINITIALIZED_AUTOS = YES_AGGRESSIVE;
				GCC_WARN_UNUSED_FUNCTION = YES;
				GCC_WARN_UNUSED_VARIABLE = YES;
				MACOSX_DEPLOYMENT_TARGET = 10.15;
				MTL_ENABLE_DEBUG_INFO = NO;
				MTL_FAST_MATH = YES;
				SDKROOT = macosx;
			};
			name = Release;
		};
		B547627123822F7C003C8D61 /* Debug */ = {
			isa = XCBuildConfiguration;
			buildSettings = {
				CODE_SIGN_STYLE = Automatic;
				PRODUCT_NAME = "$(TARGET_NAME)";
			};
			name = Debug;
		};
		B547627223822F7C003C8D61 /* Release */ = {
			isa = XCBuildConfiguration;
			buildSettings = {
				CODE_SIGN_STYLE = Automatic;
				PRODUCT_NAME = "$(TARGET_NAME)";
			};
			name = Release;
		};
/* End XCBuildConfiguration section */

/* Begin XCConfigurationList section */
		B547626423822F7C003C8D61 /* Build configuration list for PBXProject "matrixmania.cpp" */ = {
			isa = XCConfigurationList;
			buildConfigurations = (
				B547626E23822F7C003C8D61 /* Debug */,
				B547626F23822F7C003C8D61 /* Release */,
			);
			defaultConfigurationIsVisible = 0;
			defaultConfigurationName = Release;
		};
		B547627023822F7C003C8D61 /* Build configuration list for PBXNativeTarget "matrixmania.cpp" */ = {
			isa = XCConfigurationList;
			buildConfigurations = (
				B547627123822F7C003C8D61 /* Debug */,
				B547627223822F7C003C8D61 /* Release */,
			);
			defaultConfigurationIsVisible = 0;
			defaultConfigurationName = Release;
		};
/* End XCConfigurationList section */
	};
	rootObject = B547626123822F7C003C8D61 /* Project object */;
}
